PODS:
  - Charts (2.1.4)
  - FileKit (1.6.0)
  - MotionKit (0.8.1)
  - Realm (0.95.2):
    - Realm/Headers (= 0.95.2)
  - Realm/Headers (0.95.2)
  - RealmSwift (0.95.2):
    - Realm (= 0.95.2)
  - SwiftCharts (0.3)

DEPENDENCIES:
  - Charts
  - FileKit
  - MotionKit
  - Realm
  - RealmSwift
  - SwiftCharts

SPEC CHECKSUMS:
  Charts: 870589b6b4bf8468baacea8869c28983d71f602c
  FileKit: 18bc18fa0a66b3718960dc5105a7f99a14b83caf
  MotionKit: a88a7d7b5ed6652793a3744f6ca58227d8804236
  Realm: 4c026902041bb39c4bd083ebc5e88f4f17973d72
  RealmSwift: ac7822fe7ab8dca7fa979f4d576793b111d6dce1
  SwiftCharts: c66a449d58f9c811c467f865a47b1b6136b49499

COCOAPODS: 0.38.2
