PODS:
  - Alamofire (2.0.2)
  - Charts (2.1.4)
  - CocoaAsyncSocket (7.4.2)
  - FileKit (1.6.0)
  - MotionKit (0.8.1)
  - Realm (0.95.2):
    - Realm/Headers (= 0.95.2)
  - Realm/Headers (0.95.2)
  - RealmSwift (0.95.2):
    - Realm (= 0.95.2)
  - SwiftCharts (0.3)
  - SwiftyDropbox (0.2):
    - Alamofire (~> 2.0.0-beta.3)
  - SwiftyJSON (2.3.0)

DEPENDENCIES:
  - Charts
  - CocoaAsyncSocket
  - FileKit
  - MotionKit
  - Realm
  - RealmSwift
  - SwiftCharts
  - SwiftyDropbox (from `git@github.com:dropbox/SwiftyDropbox.git`, tag `0.4`)
  - SwiftyJSON (from `https://github.com/SwiftyJSON/SwiftyJSON.git`)

EXTERNAL SOURCES:
  SwiftyDropbox:
    :git: git@github.com:dropbox/SwiftyDropbox.git
    :tag: '0.4'
  SwiftyJSON:
    :git: https://github.com/SwiftyJSON/SwiftyJSON.git

CHECKOUT OPTIONS:
  SwiftyDropbox:
    :git: git@github.com:dropbox/SwiftyDropbox.git
    :tag: '0.4'
  SwiftyJSON:
    :commit: 3b5d0d4e0c19173b1bf0dc823bde25ad870f70c0
    :git: https://github.com/SwiftyJSON/SwiftyJSON.git

SPEC CHECKSUMS:
  Alamofire: 8edbab00802a752bb5240cc2abe70e7e881488ad
  Charts: 870589b6b4bf8468baacea8869c28983d71f602c
  CocoaAsyncSocket: f5783bdedd232d91b89769bc4b5a1580aed518ad
  FileKit: 18bc18fa0a66b3718960dc5105a7f99a14b83caf
  MotionKit: a88a7d7b5ed6652793a3744f6ca58227d8804236
  Realm: 4c026902041bb39c4bd083ebc5e88f4f17973d72
  RealmSwift: ac7822fe7ab8dca7fa979f4d576793b111d6dce1
  SwiftCharts: c66a449d58f9c811c467f865a47b1b6136b49499
  SwiftyDropbox: 6b86cafa3ce6e69067256c1a42bb6b90524ed5cb
  SwiftyJSON: 8d6b61a70277ef2a5d710d372e06e7e2d87fb9e4

COCOAPODS: 0.38.2
